
Microsoft Visual Studio Solution File, Format Version 12.00
# Visual Studio Version 16
VisualStudioVersion = 16.0.31410.357
MinimumVisualStudioVersion = 10.0.40219.1
Project("{FAE04EC0-301F-11D3-BF4B-00C04F79EFBC}") = "WebApplication5", "WebApplication5\WebApplication5.csproj", "{380DF496-0E55-4BE1-9B2B-FA980A609606}"
EndProject
Global
	GlobalSection(SolutionConfigurationPlatforms) = preSolution
		Debug|Any CPU = Debug|Any CPU
		Release|Any CPU = Release|Any CPU
	EndGlobalSection
	GlobalSection(ProjectConfigurationPlatforms) = postSolution
		{380DF496-0E55-4BE1-9B2B-FA980A609606}.Debug|Any CPU.ActiveCfg = Debug|Any CPU
		{380DF496-0E55-4BE1-9B2B-FA980A609606}.Debug|Any CPU.Build.0 = Debug|Any CPU
		{380DF496-0E55-4BE1-9B2B-FA980A609606}.Release|Any CPU.ActiveCfg = Release|Any CPU
		{380DF496-0E55-4BE1-9B2B-FA980A609606}.Release|Any CPU.Build.0 = Release|Any CPU
	EndGlobalSection
	GlobalSection(SolutionProperties) = preSolution
		HideSolutionNode = FALSE
	EndGlobalSection
	GlobalSection(ExtensibilityGlobals) = postSolution
		SolutionGuid = {CD3EBF86-F442-4024-B6D6-A83AE64D88B9}
	EndGlobalSection
EndGlobal
